
Microsoft Visual Studio Solution File, Format Version 12.00
# Visual Studio Version 16
VisualStudioVersion = 16.0.31613.86
MinimumVisualStudioVersion = 10.0.40219.1
Project("{9A19103F-16F7-4668-BE54-9A1E7A4F7556}") = "MicroserviceWebApi", "MicroserviceWebApi\MicroserviceWebApi.csproj", "{02510737-5FE9-417D-B493-42C2990BFF12}"
EndProject
Project("{2150E333-8FDC-42A3-9474-1A3956D46DE8}") = "ApiGateway", "ApiGateway", "{6D4BC11E-F4B7-4883-9799-93B458A37D54}"
EndProject
Project("{FAE04EC0-301F-11D3-BF4B-00C04F79EFBC}") = "ApiGateway", "ApiGateway\ApiGateway.csproj", "{3FC9CA59-7F6A-41AA-82B7-F033462D1268}"
EndProject
Project("{2150E333-8FDC-42A3-9474-1A3956D46DE8}") = "Microservices", "Microservices", "{0E2721F9-D784-4BAE-88D7-772A41B6DDBD}"
EndProject
Project("{FAE04EC0-301F-11D3-BF4B-00C04F79EFBC}") = "WeatherWebApi", "WeatherWebApi\WeatherWebApi.csproj", "{B58E2EA9-F68D-4E64-82FC-3D753BEC8AD5}"
EndProject
Global
	GlobalSection(SolutionConfigurationPlatforms) = preSolution
		Debug|Any CPU = Debug|Any CPU
		Release|Any CPU = Release|Any CPU
	EndGlobalSection
	GlobalSection(ProjectConfigurationPlatforms) = postSolution
		{02510737-5FE9-417D-B493-42C2990BFF12}.Debug|Any CPU.ActiveCfg = Debug|Any CPU
		{02510737-5FE9-417D-B493-42C2990BFF12}.Debug|Any CPU.Build.0 = Debug|Any CPU
		{02510737-5FE9-417D-B493-42C2990BFF12}.Release|Any CPU.ActiveCfg = Release|Any CPU
		{02510737-5FE9-417D-B493-42C2990BFF12}.Release|Any CPU.Build.0 = Release|Any CPU
		{3FC9CA59-7F6A-41AA-82B7-F033462D1268}.Debug|Any CPU.ActiveCfg = Debug|Any CPU
		{3FC9CA59-7F6A-41AA-82B7-F033462D1268}.Debug|Any CPU.Build.0 = Debug|Any CPU
		{3FC9CA59-7F6A-41AA-82B7-F033462D1268}.Release|Any CPU.ActiveCfg = Release|Any CPU
		{3FC9CA59-7F6A-41AA-82B7-F033462D1268}.Release|Any CPU.Build.0 = Release|Any CPU
		{B58E2EA9-F68D-4E64-82FC-3D753BEC8AD5}.Debug|Any CPU.ActiveCfg = Debug|Any CPU
		{B58E2EA9-F68D-4E64-82FC-3D753BEC8AD5}.Debug|Any CPU.Build.0 = Debug|Any CPU
		{B58E2EA9-F68D-4E64-82FC-3D753BEC8AD5}.Release|Any CPU.ActiveCfg = Release|Any CPU
		{B58E2EA9-F68D-4E64-82FC-3D753BEC8AD5}.Release|Any CPU.Build.0 = Release|Any CPU
	EndGlobalSection
	GlobalSection(SolutionProperties) = preSolution
		HideSolutionNode = FALSE
	EndGlobalSection
	GlobalSection(NestedProjects) = preSolution
		{02510737-5FE9-417D-B493-42C2990BFF12} = {0E2721F9-D784-4BAE-88D7-772A41B6DDBD}
		{3FC9CA59-7F6A-41AA-82B7-F033462D1268} = {6D4BC11E-F4B7-4883-9799-93B458A37D54}
		{B58E2EA9-F68D-4E64-82FC-3D753BEC8AD5} = {0E2721F9-D784-4BAE-88D7-772A41B6DDBD}
	EndGlobalSection
	GlobalSection(ExtensibilityGlobals) = postSolution
		SolutionGuid = {354AB118-534A-4275-8692-68E1C8B4FB25}
	EndGlobalSection
EndGlobal
